// !$*UTF8*$!
{
	archiveVersion = 1;
	classes = {
	};
	objectVersion = 46;
	objects = {

/* Begin PBXBuildFile section */
		ECBB3A7D1C59ACEA00699243 /* main.m in Sources */ = {isa = PBXBuildFile; fileRef = ECBB3A7C1C59ACEA00699243 /* main.m */; };
		ECBB3A801C59ACEA00699243 /* AppDelegate.m in Sources */ = {isa = PBXBuildFile; fileRef = ECBB3A7F1C59ACEA00699243 /* AppDelegate.m */; };
		ECBB3A831C59ACEA00699243 /* ViewController.m in Sources */ = {isa = PBXBuildFile; fileRef = ECBB3A821C59ACEA00699243 /* ViewController.m */; };
		ECBB3A861C59ACEA00699243 /* Main.storyboard in Resources */ = {isa = PBXBuildFile; fileRef = ECBB3A841C59ACEA00699243 /* Main.storyboard */; };
		ECBB3A881C59ACEA00699243 /* Assets.xcassets in Resources */ = {isa = PBXBuildFile; fileRef = ECBB3A871C59ACEA00699243 /* Assets.xcassets */; };
		ECBB3A8B1C59ACEA00699243 /* LaunchScreen.storyboard in Resources */ = {isa = PBXBuildFile; fileRef = ECBB3A891C59ACEA00699243 /* LaunchScreen.storyboard */; };
		ECBB3A951C59ADC700699243 /* HTNavGlideBar.m in Sources */ = {isa = PBXBuildFile; fileRef = ECBB3A941C59ADC700699243 /* HTNavGlideBar.m */; };
/* End PBXBuildFile section */

/* Begin PBXFileReference section */
		ECBB3A781C59ACEA00699243 /* HTNavGlideBarDemo.app */ = {isa = PBXFileReference; explicitFileType = wrapper.application; includeInIndex = 0; path = HTNavGlideBarDemo.app; sourceTree = BUILT_PRODUCTS_DIR; };
		ECBB3A7C1C59ACEA00699243 /* main.m */ = {isa = PBXFileReference; lastKnownFileType = sourcecode.c.objc; path = main.m; sourceTree = "<group>"; };
		ECBB3A7E1C59ACEA00699243 /* AppDelegate.h */ = {isa = PBXFileReference; lastKnownFileType = sourcecode.c.h; path = AppDelegate.h; sourceTree = "<group>"; };
		ECBB3A7F1C59ACEA00699243 /* AppDelegate.m */ = {isa = PBXFileReference; lastKnownFileType = sourcecode.c.objc; path = AppDelegate.m; sourceTree = "<group>"; };
		ECBB3A811C59ACEA00699243 /* ViewController.h */ = {isa = PBXFileReference; lastKnownFileType = sourcecode.c.h; path = ViewController.h; sourceTree = "<group>"; };
		ECBB3A821C59ACEA00699243 /* ViewController.m */ = {isa = PBXFileReference; lastKnownFileType = sourcecode.c.objc; path = ViewController.m; sourceTree = "<group>"; };
		ECBB3A851C59ACEA00699243 /* Base */ = {isa = PBXFileReference; lastKnownFileType = file.storyboard; name = Base; path = Base.lproj/Main.storyboard; sourceTree = "<group>"; };
		ECBB3A871C59ACEA00699243 /* Assets.xcassets */ = {isa = PBXFileReference; lastKnownFileType = folder.assetcatalog; path = Assets.xcassets; sourceTree = "<group>"; };
		ECBB3A8A1C59ACEA00699243 /* Base */ = {isa = PBXFileReference; lastKnownFileType = file.storyboard; name = Base; path = Base.lproj/LaunchScreen.storyboard; sourceTree = "<group>"; };
		ECBB3A8C1C59ACEA00699243 /* Info.plist */ = {isa = PBXFileReference; lastKnownFileType = text.plist.xml; path = Info.plist; sourceTree = "<group>"; };
		ECBB3A931C59ADC700699243 /* HTNavGlideBar.h */ = {isa = PBXFileReference; fileEncoding = 4; lastKnownFileType = sourcecode.c.h; name = HTNavGlideBar.h; path = ../HTNavGlideBar/HTNavGlideBar.h; sourceTree = "<group>"; };
		ECBB3A941C59ADC700699243 /* HTNavGlideBar.m */ = {isa = PBXFileReference; fileEncoding = 4; lastKnownFileType = sourcecode.c.objc; name = HTNavGlideBar.m; path = ../HTNavGlideBar/HTNavGlideBar.m; sourceTree = "<group>"; };
/* End PBXFileReference section */

/* Begin PBXFrameworksBuildPhase section */
		ECBB3A751C59ACEA00699243 /* Frameworks */ = {
			isa = PBXFrameworksBuildPhase;
			buildActionMask = 2147483647;
			files = (
			);
			runOnlyForDeploymentPostprocessing = 0;
		};
/* End PBXFrameworksBuildPhase section */

/* Begin PBXGroup section */
		ECBB3A6F1C59ACEA00699243 = {
			isa = PBXGroup;
			children = (
				ECBB3A921C59AD9200699243 /* HTNavGlideBar */,
				ECBB3A7A1C59ACEA00699243 /* HTNavGlideBarDemo */,
				ECBB3A791C59ACEA00699243 /* Products */,
			);
			sourceTree = "<group>";
		};
		ECBB3A791C59ACEA00699243 /* Products */ = {
			isa = PBXGroup;
			children = (
				ECBB3A781C59ACEA00699243 /* HTNavGlideBarDemo.app */,
			);
			name = Products;
			sourceTree = "<group>";
		};
		ECBB3A7A1C59ACEA00699243 /* HTNavGlideBarDemo */ = {
			isa = PBXGroup;
			children = (
				ECBB3A7E1C59ACEA00699243 /* AppDelegate.h */,
				ECBB3A7F1C59ACEA00699243 /* AppDelegate.m */,
				ECBB3A811C59ACEA00699243 /* ViewController.h */,
				ECBB3A821C59ACEA00699243 /* ViewController.m */,
				ECBB3A841C59ACEA00699243 /* Main.storyboard */,
				ECBB3A871C59ACEA00699243 /* Assets.xcassets */,
				ECBB3A891C59ACEA00699243 /* LaunchScreen.storyboard */,
				ECBB3A8C1C59ACEA00699243 /* Info.plist */,
				ECBB3A7B1C59ACEA00699243 /* Supporting Files */,
			);
			path = HTNavGlideBarDemo;
			sourceTree = "<group>";
		};
		ECBB3A7B1C59ACEA00699243 /* Supporting Files */ = {
			isa = PBXGroup;
			children = (
				ECBB3A7C1C59ACEA00699243 /* main.m */,
			);
			name = "Supporting Files";
			sourceTree = "<group>";
		};
		ECBB3A921C59AD9200699243 /* HTNavGlideBar */ = {
			isa = PBXGroup;
			children = (
				ECBB3A931C59ADC700699243 /* HTNavGlideBar.h */,
				ECBB3A941C59ADC700699243 /* HTNavGlideBar.m */,
			);
			name = HTNavGlideBar;
			sourceTree = "<group>";
		};
/* End PBXGroup section */

/* Begin PBXNativeTarget section */
		ECBB3A771C59ACEA00699243 /* HTNavGlideBarDemo */ = {
			isa = PBXNativeTarget;
			buildConfigurationList = ECBB3A8F1C59ACEA00699243 /* Build configuration list for PBXNativeTarget "HTNavGlideBarDemo" */;
			buildPhases = (
				ECBB3A741C59ACEA00699243 /* Sources */,
				ECBB3A751C59ACEA00699243 /* Frameworks */,
				ECBB3A761C59ACEA00699243 /* Resources */,
			);
			buildRules = (
			);
			dependencies = (
			);
			name = HTNavGlideBarDemo;
			productName = HTNavGlideBarDemo;
			productReference = ECBB3A781C59ACEA00699243 /* HTNavGlideBarDemo.app */;
			productType = "com.apple.product-type.application";
		};
/* End PBXNativeTarget section */

/* Begin PBXProject section */
		ECBB3A701C59ACEA00699243 /* Project object */ = {
			isa = PBXProject;
			attributes = {
				LastUpgradeCheck = 0720;
				ORGANIZATIONNAME = horae;
				TargetAttributes = {
					ECBB3A771C59ACEA00699243 = {
						CreatedOnToolsVersion = 7.2;
					};
				};
			};
			buildConfigurationList = ECBB3A731C59ACEA00699243 /* Build configuration list for PBXProject "HTNavGlideBarDemo" */;
			compatibilityVersion = "Xcode 3.2";
			developmentRegion = English;
			hasScannedForEncodings = 0;
			knownRegions = (
				en,
				Base,
			);
			mainGroup = ECBB3A6F1C59ACEA00699243;
			productRefGroup = ECBB3A791C59ACEA00699243 /* Products */;
			projectDirPath = "";
			projectRoot = "";
			targets = (
				ECBB3A771C59ACEA00699243 /* HTNavGlideBarDemo */,
			);
		};
/* End PBXProject section */

/* Begin PBXResourcesBuildPhase section */
		ECBB3A761C59ACEA00699243 /* Resources */ = {
			isa = PBXResourcesBuildPhase;
			buildActionMask = 2147483647;
			files = (
				ECBB3A8B1C59ACEA00699243 /* LaunchScreen.storyboard in Resources */,
				ECBB3A881C59ACEA00699243 /* Assets.xcassets in Resources */,
				ECBB3A861C59ACEA00699243 /* Main.storyboard in Resources */,
			);
			runOnlyForDeploymentPostprocessing = 0;
		};
/* End PBXResourcesBuildPhase section */

/* Begin PBXSourcesBuildPhase section */
		ECBB3A741C59ACEA00699243 /* Sources */ = {
			isa = PBXSourcesBuildPhase;
			buildActionMask = 2147483647;
			files = (
				ECBB3A831C59ACEA00699243 /* ViewController.m in Sources */,
				ECBB3A951C59ADC700699243 /* HTNavGlideBar.m in Sources */,
				ECBB3A801C59ACEA00699243 /* AppDelegate.m in Sources */,
				ECBB3A7D1C59ACEA00699243 /* main.m in Sources */,
			);
			runOnlyForDeploymentPostprocessing = 0;
		};
/* End PBXSourcesBuildPhase section */

/* Begin PBXVariantGroup section */
		ECBB3A841C59ACEA00699243 /* Main.storyboard */ = {
			isa = PBXVariantGroup;
			children = (
				ECBB3A851C59ACEA00699243 /* Base */,
			);
			name = Main.storyboard;
			sourceTree = "<group>";
		};
		ECBB3A891C59ACEA00699243 /* LaunchScreen.storyboard */ = {
			isa = PBXVariantGroup;
			children = (
				ECBB3A8A1C59ACEA00699243 /* Base */,
			);
			name = LaunchScreen.storyboard;
			sourceTree = "<group>";
		};
/* End PBXVariantGroup section */

/* Begin XCBuildConfiguration section */
		ECBB3A8D1C59ACEA00699243 /* Debug */ = {
			isa = XCBuildConfiguration;
			buildSettings = {
				ALWAYS_SEARCH_USER_PATHS = NO;
				CLANG_CXX_LANGUAGE_STANDARD = "gnu++0x";
				CLANG_CXX_LIBRARY = "libc++";
				CLANG_ENABLE_MODULES = YES;
				CLANG_ENABLE_OBJC_ARC = YES;
				CLANG_WARN_BOOL_CONVERSION = YES;
				CLANG_WARN_CONSTANT_CONVERSION = YES;
				CLANG_WARN_DIRECT_OBJC_ISA_USAGE = YES_ERROR;
				CLANG_WARN_EMPTY_BODY = YES;
				CLANG_WARN_ENUM_CONVERSION = YES;
				CLANG_WARN_INT_CONVERSION = YES;
				CLANG_WARN_OBJC_ROOT_CLASS = YES_ERROR;
				CLANG_WARN_UNREACHABLE_CODE = YES;
				CLANG_WARN__DUPLICATE_METHOD_MATCH = YES;
				"CODE_SIGN_IDENTITY[sdk=iphoneos*]" = "iPhone Developer";
				COPY_PHASE_STRIP = NO;
				DEBUG_INFORMATION_FORMAT = dwarf;
				ENABLE_STRICT_OBJC_MSGSEND = YES;
				ENABLE_TESTABILITY = YES;
				GCC_C_LANGUAGE_STANDARD = gnu99;
				GCC_DYNAMIC_NO_PIC = NO;
				GCC_NO_COMMON_BLOCKS = YES;
				GCC_OPTIMIZATION_LEVEL = 0;
				GCC_PREPROCESSOR_DEFINITIONS = (
					"DEBUG=1",
					"$(inherited)",
				);
				GCC_WARN_64_TO_32_BIT_CONVERSION = YES;
				GCC_WARN_ABOUT_RETURN_TYPE = YES_ERROR;
				GCC_WARN_UNDECLARED_SELECTOR = YES;
				GCC_WARN_UNINITIALIZED_AUTOS = YES_AGGRESSIVE;
				GCC_WARN_UNUSED_FUNCTION = YES;
				GCC_WARN_UNUSED_VARIABLE = YES;
				IPHONEOS_DEPLOYMENT_TARGET = 9.2;
				MTL_ENABLE_DEBUG_INFO = YES;
				ONLY_ACTIVE_ARCH = YES;
				SDKROOT = iphoneos;
			};
			name = Debug;
		};
		ECBB3A8E1C59ACEA00699243 /* Release */ = {
			isa = XCBuildConfiguration;
			buildSettings = {
				ALWAYS_SEARCH_USER_PATHS = NO;
				CLANG_CXX_LANGUAGE_STANDARD = "gnu++0x";
				CLANG_CXX_LIBRARY = "libc++";
				CLANG_ENABLE_MODULES = YES;
				CLANG_ENABLE_OBJC_ARC = YES;
				CLANG_WARN_BOOL_CONVERSION = YES;
				CLANG_WARN_CONSTANT_CONVERSION = YES;
				CLANG_WARN_DIRECT_OBJC_ISA_USAGE = YES_ERROR;
				CLANG_WARN_EMPTY_BODY = YES;
				CLANG_WARN_ENUM_CONVERSION = YES;
				CLANG_WARN_INT_CONVERSION = YES;
				CLANG_WARN_OBJC_ROOT_CLASS = YES_ERROR;
				CLANG_WARN_UNREACHABLE_CODE = YES;
				CLANG_WARN__DUPLICATE_METHOD_MATCH = YES;
				"CODE_SIGN_IDENTITY[sdk=iphoneos*]" = "iPhone Developer";
				COPY_PHASE_STRIP = NO;
				DEBUG_INFORMATION_FORMAT = "dwarf-with-dsym";
				ENABLE_NS_ASSERTIONS = NO;
				ENABLE_STRICT_OBJC_MSGSEND = YES;
				GCC_C_LANGUAGE_STANDARD = gnu99;
				GCC_NO_COMMON_BLOCKS = YES;
				GCC_WARN_64_TO_32_BIT_CONVERSION = YES;
				GCC_WARN_ABOUT_RETURN_TYPE = YES_ERROR;
				GCC_WARN_UNDECLARED_SELECTOR = YES;
				GCC_WARN_UNINITIALIZED_AUTOS = YES_AGGRESSIVE;
				GCC_WARN_UNUSED_FUNCTION = YES;
				GCC_WARN_UNUSED_VARIABLE = YES;
				IPHONEOS_DEPLOYMENT_TARGET = 9.2;
				MTL_ENABLE_DEBUG_INFO = NO;
				SDKROOT = iphoneos;
				VALIDATE_PRODUCT = YES;
			};
			name = Release;
		};
		ECBB3A901C59ACEA00699243 /* Debug */ = {
			isa = XCBuildConfiguration;
			buildSettings = {
				ASSETCATALOG_COMPILER_APPICON_NAME = AppIcon;
				INFOPLIST_FILE = HTNavGlideBarDemo/Info.plist;
				LD_RUNPATH_SEARCH_PATHS = "$(inherited) @executable_path/Frameworks";
				PRODUCT_BUNDLE_IDENTIFIER = com.horae.HTNavGlideBarDemo;
				PRODUCT_NAME = "$(TARGET_NAME)";
			};
			name = Debug;
		};
		ECBB3A911C59ACEA00699243 /* Release */ = {
			isa = XCBuildConfiguration;
			buildSettings = {
				ASSETCATALOG_COMPILER_APPICON_NAME = AppIcon;
				INFOPLIST_FILE = HTNavGlideBarDemo/Info.plist;
				LD_RUNPATH_SEARCH_PATHS = "$(inherited) @executable_path/Frameworks";
				PRODUCT_BUNDLE_IDENTIFIER = com.horae.HTNavGlideBarDemo;
				PRODUCT_NAME = "$(TARGET_NAME)";
			};
			name = Release;
		};
/* End XCBuildConfiguration section */

/* Begin XCConfigurationList section */
		ECBB3A731C59ACEA00699243 /* Build configuration list for PBXProject "HTNavGlideBarDemo" */ = {
			isa = XCConfigurationList;
			buildConfigurations = (
				ECBB3A8D1C59ACEA00699243 /* Debug */,
				ECBB3A8E1C59ACEA00699243 /* Release */,
			);
			defaultConfigurationIsVisible = 0;
			defaultConfigurationName = Release;
		};
		ECBB3A8F1C59ACEA00699243 /* Build configuration list for PBXNativeTarget "HTNavGlideBarDemo" */ = {
			isa = XCConfigurationList;
			buildConfigurations = (
				ECBB3A901C59ACEA00699243 /* Debug */,
				ECBB3A911C59ACEA00699243 /* Release */,
			);
			defaultConfigurationIsVisible = 0;
		};
/* End XCConfigurationList section */
	};
	rootObject = ECBB3A701C59ACEA00699243 /* Project object */;
}
